
Microsoft Visual Studio Solution File, Format Version 12.00
# Visual Studio 15
VisualStudioVersion = 15.0.26403.7
MinimumVisualStudioVersion = 10.0.40219.1
Project("{FAE04EC0-301F-11D3-BF4B-00C04F79EFBC}") = "ElGroupo.Web", "ElGroupo.Web\ElGroupo.Web.csproj", "{B6A001B1-FF44-4897-9809-417903CF163E}"
EndProject
Project("{FAE04EC0-301F-11D3-BF4B-00C04F79EFBC}") = "ElGroupo.Domain", "ElGroupo.Domain\ElGroupo.Domain.csproj", "{6BD05EE5-84C5-4FA5-B5C4-DEFD0DA14D67}"
EndProject
Global
	GlobalSection(SolutionConfigurationPlatforms) = preSolution
		Debug|Any CPU = Debug|Any CPU
		Release|Any CPU = Release|Any CPU
	EndGlobalSection
	GlobalSection(ProjectConfigurationPlatforms) = postSolution
		{B6A001B1-FF44-4897-9809-417903CF163E}.Debug|Any CPU.ActiveCfg = Debug|Any CPU
		{B6A001B1-FF44-4897-9809-417903CF163E}.Debug|Any CPU.Build.0 = Debug|Any CPU
		{B6A001B1-FF44-4897-9809-417903CF163E}.Release|Any CPU.ActiveCfg = Release|Any CPU
		{B6A001B1-FF44-4897-9809-417903CF163E}.Release|Any CPU.Build.0 = Release|Any CPU
		{6BD05EE5-84C5-4FA5-B5C4-DEFD0DA14D67}.Debug|Any CPU.ActiveCfg = Debug|Any CPU
		{6BD05EE5-84C5-4FA5-B5C4-DEFD0DA14D67}.Debug|Any CPU.Build.0 = Debug|Any CPU
		{6BD05EE5-84C5-4FA5-B5C4-DEFD0DA14D67}.Release|Any CPU.ActiveCfg = Release|Any CPU
		{6BD05EE5-84C5-4FA5-B5C4-DEFD0DA14D67}.Release|Any CPU.Build.0 = Release|Any CPU
	EndGlobalSection
	GlobalSection(SolutionProperties) = preSolution
		HideSolutionNode = FALSE
	EndGlobalSection
EndGlobal
